
Microsoft Visual Studio Solution File, Format Version 12.00
# Visual Studio Version 16
VisualStudioVersion = 16.0.32602.291
MinimumVisualStudioVersion = 10.0.40219.1
Project("{9A19103F-16F7-4668-BE54-9A1E7A4F7556}") = "N5Api", "N5Api\N5Api.csproj", "{0AC142B3-FA4E-4A47-9F7E-926A5BCF303E}"
EndProject
Project("{2150E333-8FDC-42A3-9474-1A3956D46DE8}") = "01. Permission", "01. Permission", "{E505E874-6E5A-414A-A2CD-B55C164B8BD7}"
EndProject
Project("{2150E333-8FDC-42A3-9474-1A3956D46DE8}") = "01. Api", "01. Api", "{48AF83F0-38E8-49DF-8075-85113610DC70}"
EndProject
Project("{2150E333-8FDC-42A3-9474-1A3956D46DE8}") = "02. Services", "02. Services", "{E675F3D7-AF4D-48D1-9782-6FB9E49DF719}"
EndProject
Project("{2150E333-8FDC-42A3-9474-1A3956D46DE8}") = "03. Persistence", "03. Persistence", "{4B1743B7-4BA1-4CAD-AB5D-F02A0561BB0C}"
EndProject
Project("{2150E333-8FDC-42A3-9474-1A3956D46DE8}") = "04. Models", "04. Models", "{79449BE9-22BF-4FC0-A269-8055B1402E72}"
EndProject
Project("{9A19103F-16F7-4668-BE54-9A1E7A4F7556}") = "Permission.Persistence.Database", "..\Permission.Persistence.Database\Permission.Persistence.Database.csproj", "{11E967BA-12BB-4741-B0A1-A24DEB332AE3}"
EndProject
Project("{9A19103F-16F7-4668-BE54-9A1E7A4F7556}") = "Permission.Domain", "..\Permission.Domain\Permission.Domain.csproj", "{2EC13F9D-D71E-4374-A447-0B0DA7A3657C}"
EndProject
Project("{9A19103F-16F7-4668-BE54-9A1E7A4F7556}") = "Permission.Services.Queries", "..\Permission.Services.Queries\Permission.Services.Queries.csproj", "{D6556D1B-2E34-4900-B35A-40D3E10FEB33}"
EndProject
Project("{2150E333-8FDC-42A3-9474-1A3956D46DE8}") = "02. Common", "02. Common", "{D316F8B1-1149-4298-899D-9B656A7760BB}"
EndProject
Project("{9A19103F-16F7-4668-BE54-9A1E7A4F7556}") = "Service.Common.Collection", "..\..\..\Common\Service.Common.Collection\Service.Common.Collection.csproj", "{7B280A6A-0461-4407-83F6-3BDE6A38BBA0}"
EndProject
Project("{9A19103F-16F7-4668-BE54-9A1E7A4F7556}") = "Service.Common.Mapping", "..\..\..\Common\Service.Common.Mapping\Service.Common.Mapping.csproj", "{9FD78254-0E93-4212-AD7D-383CC0FFB0D8}"
EndProject
Project("{9A19103F-16F7-4668-BE54-9A1E7A4F7556}") = "Service.Common.Paging", "..\..\..\Common\Service.Common.Paging\Service.Common.Paging.csproj", "{E874C987-699C-419E-A7A3-6A3E952D5945}"
EndProject
Project("{9A19103F-16F7-4668-BE54-9A1E7A4F7556}") = "Permission.Services.EventHandlers", "..\Permission.Services.EventHandlers\Permission.Services.EventHandlers.csproj", "{0C1EC357-8908-4659-829A-40A007EB138E}"
EndProject
Project("{2150E333-8FDC-42A3-9474-1A3956D46DE8}") = "05. Testing", "05. Testing", "{072B589A-E353-42D9-BB77-697647BB5550}"
EndProject
Project("{FAE04EC0-301F-11D3-BF4B-00C04F79EFBC}") = "Permission.Test", "..\Permission.Test\Permission.Test.csproj", "{A278BD35-534E-42D6-BA8A-DCB3EA9B70D7}"
EndProject
Global
	GlobalSection(SolutionConfigurationPlatforms) = preSolution
		Debug|Any CPU = Debug|Any CPU
		Release|Any CPU = Release|Any CPU
	EndGlobalSection
	GlobalSection(ProjectConfigurationPlatforms) = postSolution
		{0AC142B3-FA4E-4A47-9F7E-926A5BCF303E}.Debug|Any CPU.ActiveCfg = Debug|Any CPU
		{0AC142B3-FA4E-4A47-9F7E-926A5BCF303E}.Debug|Any CPU.Build.0 = Debug|Any CPU
		{0AC142B3-FA4E-4A47-9F7E-926A5BCF303E}.Release|Any CPU.ActiveCfg = Release|Any CPU
		{0AC142B3-FA4E-4A47-9F7E-926A5BCF303E}.Release|Any CPU.Build.0 = Release|Any CPU
		{11E967BA-12BB-4741-B0A1-A24DEB332AE3}.Debug|Any CPU.ActiveCfg = Debug|Any CPU
		{11E967BA-12BB-4741-B0A1-A24DEB332AE3}.Debug|Any CPU.Build.0 = Debug|Any CPU
		{11E967BA-12BB-4741-B0A1-A24DEB332AE3}.Release|Any CPU.ActiveCfg = Release|Any CPU
		{11E967BA-12BB-4741-B0A1-A24DEB332AE3}.Release|Any CPU.Build.0 = Release|Any CPU
		{2EC13F9D-D71E-4374-A447-0B0DA7A3657C}.Debug|Any CPU.ActiveCfg = Debug|Any CPU
		{2EC13F9D-D71E-4374-A447-0B0DA7A3657C}.Debug|Any CPU.Build.0 = Debug|Any CPU
		{2EC13F9D-D71E-4374-A447-0B0DA7A3657C}.Release|Any CPU.ActiveCfg = Release|Any CPU
		{2EC13F9D-D71E-4374-A447-0B0DA7A3657C}.Release|Any CPU.Build.0 = Release|Any CPU
		{D6556D1B-2E34-4900-B35A-40D3E10FEB33}.Debug|Any CPU.ActiveCfg = Debug|Any CPU
		{D6556D1B-2E34-4900-B35A-40D3E10FEB33}.Debug|Any CPU.Build.0 = Debug|Any CPU
		{D6556D1B-2E34-4900-B35A-40D3E10FEB33}.Release|Any CPU.ActiveCfg = Release|Any CPU
		{D6556D1B-2E34-4900-B35A-40D3E10FEB33}.Release|Any CPU.Build.0 = Release|Any CPU
		{7B280A6A-0461-4407-83F6-3BDE6A38BBA0}.Debug|Any CPU.ActiveCfg = Debug|Any CPU
		{7B280A6A-0461-4407-83F6-3BDE6A38BBA0}.Debug|Any CPU.Build.0 = Debug|Any CPU
		{7B280A6A-0461-4407-83F6-3BDE6A38BBA0}.Release|Any CPU.ActiveCfg = Release|Any CPU
		{7B280A6A-0461-4407-83F6-3BDE6A38BBA0}.Release|Any CPU.Build.0 = Release|Any CPU
		{9FD78254-0E93-4212-AD7D-383CC0FFB0D8}.Debug|Any CPU.ActiveCfg = Debug|Any CPU
		{9FD78254-0E93-4212-AD7D-383CC0FFB0D8}.Debug|Any CPU.Build.0 = Debug|Any CPU
		{9FD78254-0E93-4212-AD7D-383CC0FFB0D8}.Release|Any CPU.ActiveCfg = Release|Any CPU
		{9FD78254-0E93-4212-AD7D-383CC0FFB0D8}.Release|Any CPU.Build.0 = Release|Any CPU
		{E874C987-699C-419E-A7A3-6A3E952D5945}.Debug|Any CPU.ActiveCfg = Debug|Any CPU
		{E874C987-699C-419E-A7A3-6A3E952D5945}.Debug|Any CPU.Build.0 = Debug|Any CPU
		{E874C987-699C-419E-A7A3-6A3E952D5945}.Release|Any CPU.ActiveCfg = Release|Any CPU
		{E874C987-699C-419E-A7A3-6A3E952D5945}.Release|Any CPU.Build.0 = Release|Any CPU
		{0C1EC357-8908-4659-829A-40A007EB138E}.Debug|Any CPU.ActiveCfg = Debug|Any CPU
		{0C1EC357-8908-4659-829A-40A007EB138E}.Debug|Any CPU.Build.0 = Debug|Any CPU
		{0C1EC357-8908-4659-829A-40A007EB138E}.Release|Any CPU.ActiveCfg = Release|Any CPU
		{0C1EC357-8908-4659-829A-40A007EB138E}.Release|Any CPU.Build.0 = Release|Any CPU
		{A278BD35-534E-42D6-BA8A-DCB3EA9B70D7}.Debug|Any CPU.ActiveCfg = Debug|Any CPU
		{A278BD35-534E-42D6-BA8A-DCB3EA9B70D7}.Debug|Any CPU.Build.0 = Debug|Any CPU
		{A278BD35-534E-42D6-BA8A-DCB3EA9B70D7}.Release|Any CPU.ActiveCfg = Release|Any CPU
		{A278BD35-534E-42D6-BA8A-DCB3EA9B70D7}.Release|Any CPU.Build.0 = Release|Any CPU
	EndGlobalSection
	GlobalSection(SolutionProperties) = preSolution
		HideSolutionNode = FALSE
	EndGlobalSection
	GlobalSection(NestedProjects) = preSolution
		{0AC142B3-FA4E-4A47-9F7E-926A5BCF303E} = {48AF83F0-38E8-49DF-8075-85113610DC70}
		{48AF83F0-38E8-49DF-8075-85113610DC70} = {E505E874-6E5A-414A-A2CD-B55C164B8BD7}
		{E675F3D7-AF4D-48D1-9782-6FB9E49DF719} = {E505E874-6E5A-414A-A2CD-B55C164B8BD7}
		{4B1743B7-4BA1-4CAD-AB5D-F02A0561BB0C} = {E505E874-6E5A-414A-A2CD-B55C164B8BD7}
		{79449BE9-22BF-4FC0-A269-8055B1402E72} = {E505E874-6E5A-414A-A2CD-B55C164B8BD7}
		{11E967BA-12BB-4741-B0A1-A24DEB332AE3} = {4B1743B7-4BA1-4CAD-AB5D-F02A0561BB0C}
		{2EC13F9D-D71E-4374-A447-0B0DA7A3657C} = {79449BE9-22BF-4FC0-A269-8055B1402E72}
		{D6556D1B-2E34-4900-B35A-40D3E10FEB33} = {E675F3D7-AF4D-48D1-9782-6FB9E49DF719}
		{7B280A6A-0461-4407-83F6-3BDE6A38BBA0} = {D316F8B1-1149-4298-899D-9B656A7760BB}
		{9FD78254-0E93-4212-AD7D-383CC0FFB0D8} = {D316F8B1-1149-4298-899D-9B656A7760BB}
		{E874C987-699C-419E-A7A3-6A3E952D5945} = {D316F8B1-1149-4298-899D-9B656A7760BB}
		{0C1EC357-8908-4659-829A-40A007EB138E} = {E675F3D7-AF4D-48D1-9782-6FB9E49DF719}
		{072B589A-E353-42D9-BB77-697647BB5550} = {E505E874-6E5A-414A-A2CD-B55C164B8BD7}
		{A278BD35-534E-42D6-BA8A-DCB3EA9B70D7} = {072B589A-E353-42D9-BB77-697647BB5550}
	EndGlobalSection
	GlobalSection(ExtensibilityGlobals) = postSolution
		SolutionGuid = {A722D2A9-85BE-4E50-850D-1E0EB52FD38F}
	EndGlobalSection
EndGlobal
